version = 1
revision = 3
requires-python = ">=3.13"

[[package]]
name = "antiorm"
version = "1.2.1"
source = { registry = "https://pypi.org/simple" }
sdist = { url = "https://files.pythonhosted.org/packages/0b/f8/71baa4824d9666c1be51d117119579a97f461ddbded48b2e01a6ad0554b5/antiorm-1.2.1.tar.gz", hash = "sha256:96eb1841ce5163db4cf1dc13f4499ec2d7cffc190cf724b78ffdd3e6b7c4ff93", size = 171953, upload-time = "2016-06-28T22:52:03.354Z" }

[[package]]
name = "db"
version = "0.1.1"
source = { registry = "https://pypi.org/simple" }
dependencies = [
    { name = "antiorm" },
]
sdist = { url = "https://files.pythonhosted.org/packages/a9/22/f65d64c83e63790b3273c6adb3bff338ad594f46d84b41bd1f94593b40a6/db-0.1.1.tar.gz", hash = "sha256:980e772f15c1161d3b287ffec4f144e40961b0b3e6d5102809577870bf6c5808", size = 3350, upload-time = "2014-12-13T05:13:58.159Z" }

[[package]]
name = "futu"
version = "0.0.1"
source = { registry = "https://pypi.org/simple" }
sdist = { url = "https://files.pythonhosted.org/packages/a8/ec/feb579a899242d7afb27e2d7da18c99959a4e5d85d0a46af9a50cb231111/futu-0.0.1.tar.gz", hash = "sha256:728d586ec05e135b12ab65a24a698214e49899e68833ab648fd899ba13248b07", size = 25395, upload-time = "2021-01-28T09:43:39.931Z" }
wheels = [
    { url = "https://files.pythonhosted.org/packages/bd/df/c07c6ea620ea8a86463644b67b741a72a5197d8c56110ec4897f704dc96f/futu-0.0.1-py3-none-any.whl", hash = "sha256:d2b48c71c304d540045bad038e9a42797184dadb25da2c4ed9ebe597c392889b", size = 4071, upload-time = "2021-01-28T09:43:38.077Z" },
]

[[package]]
name = "moneymanager"
version = "0.1.0"
source = { virtual = "." }
dependencies = [
    { name = "db" },
    { name = "futu" },
]

[package.metadata]
requires-dist = [
    { name = "db", specifier = ">=0.1.1" },
    { name = "futu", specifier = ">=0.0.1" },
]
